# Generated by Dagger. Pins the images and git refs this workspace uses.
# Any Dagger command may update this file; always commit it with your changes.
# Run `dagger workspace update` to refresh the pinned versions.
[["version","2"]]
["","git-latest",["github.com/dagger/alpine"],"refs/heads/main"]
["","git-latest",["github.com/dagger/go"],"refs/tags/v0.1.0"]
["","git-sha",["github.com/dagger/alpine","refs/heads/main"],"9ed1ef3d12bcb7ab7f84c755949dfa48138e48d6"]
["","git-sha",["github.com/dagger/go","main"],"3202b07da551a4d3936769a548305c2bf0ade6b5"]
["","git-sha",["github.com/dagger/go","refs/tags/v0.1.0"],"0b68a41656546134aa6b5c0a439fd1ffcd2ecae9"]
["","oci-latest",["docker.io/library/busybox"],"1.38.0"]
["","oci-sha",["docker.io/library/busybox:1.38.0"],"sha256:fd7dc98638c8e305f4dc34e979f1c0fdfdcaeb0fbf8fcff77ae834b6da3d7e6e"]
["","oci-sha",["docker.io/library/golang:1.26-alpine"],"sha256:8ac98ca534ac3f51e1f420a1dd2c15e74c75cfa0f23f3ad27eb5d7236c349a0c"]
["","vanity-url",["https://dagger.io/go"],"https://github.com/dagger/go"]