# Generated by Dagger. Pins the images and git refs this workspace uses.
# Any Dagger command may update this file; always commit it with your changes.
# Run `dagger workspace update` to refresh the pinned versions.
[["version","2"]]
["","git-latest",["github.com/dagger/alpine"],"refs/heads/main"]
["","git-sha",["github.com/dagger/alpine","refs/heads/main"],"0cbccf6115c57069e2aa3ef9b07133093f1a3246"]
["","oci-latest",["docker.io/library/busybox"],"1.38.0"]
["","oci-sha",["docker.io/library/busybox:1.38.0"],"sha256:fd7dc98638c8e305f4dc34e979f1c0fdfdcaeb0fbf8fcff77ae834b6da3d7e6e"]
